
Microsoft Visual Studio Solution File, Format Version 12.00
# Visual Studio Version 17
VisualStudioVersion = 17.14.36616.10 d17.14
MinimumVisualStudioVersion = 10.0.40219.1
Project("{FAE04EC0-301F-11D3-BF4B-00C04F79EFBC}") = "Calc88", "Calc88\Calc88.csproj", "{2027A662-60CC-4F4C-A149-593DD264CA3C}"
EndProject
Global
	GlobalSection(SolutionConfigurationPlatforms) = preSolution
		Debug|Any CPU = Debug|Any CPU
		Release|Any CPU = Release|Any CPU
	EndGlobalSection
	GlobalSection(ProjectConfigurationPlatforms) = postSolution
		{2027A662-60CC-4F4C-A149-593DD264CA3C}.Debug|Any CPU.ActiveCfg = Debug|Any CPU
		{2027A662-60CC-4F4C-A149-593DD264CA3C}.Debug|Any CPU.Build.0 = Debug|Any CPU
		{2027A662-60CC-4F4C-A149-593DD264CA3C}.Release|Any CPU.ActiveCfg = Release|Any CPU
		{2027A662-60CC-4F4C-A149-593DD264CA3C}.Release|Any CPU.Build.0 = Release|Any CPU
	EndGlobalSection
	GlobalSection(SolutionProperties) = preSolution
		HideSolutionNode = FALSE
	EndGlobalSection
	GlobalSection(ExtensibilityGlobals) = postSolution
		SolutionGuid = {67EFEC56-CAF7-4B42-BB9D-2527BE7D99E3}
	EndGlobalSection
EndGlobal
